
Microsoft Visual Studio Solution File, Format Version 12.00
Project("{FAE04EC0-301F-11D3-BF4B-00C04F79EFBC}") = "HDT_Reconnector", "HDT_Reconnector\HDT_Reconnector.csproj", "{AA3B2DC4-021E-4969-B237-802063627A2F}"
EndProject
Global
	GlobalSection(SolutionConfigurationPlatforms) = preSolution
		Debug|Any CPU = Debug|Any CPU
		Release|Any CPU = Release|Any CPU
	EndGlobalSection
	GlobalSection(ProjectConfigurationPlatforms) = postSolution
		{AA3B2DC4-021E-4969-B237-802063627A2F}.Debug|Any CPU.ActiveCfg = Debug|Any CPU
		{AA3B2DC4-021E-4969-B237-802063627A2F}.Debug|Any CPU.Build.0 = Debug|Any CPU
		{AA3B2DC4-021E-4969-B237-802063627A2F}.Release|Any CPU.ActiveCfg = Release|Any CPU
		{AA3B2DC4-021E-4969-B237-802063627A2F}.Release|Any CPU.Build.0 = Release|Any CPU
	EndGlobalSection
EndGlobal
